
Microsoft Visual Studio Solution File, Format Version 12.00
# Visual Studio Version 16
VisualStudioVersion = 16.0.31424.327
MinimumVisualStudioVersion = 10.0.40219.1
Project("{FAE04EC0-301F-11D3-BF4B-00C04F79EFBC}") = "GrpcServer", "GrpcServer\GrpcServer.csproj", "{F898E386-2AF1-42D7-BA1B-97B66F14ABB6}"
EndProject
Global
	GlobalSection(SolutionConfigurationPlatforms) = preSolution
		Debug|Any CPU = Debug|Any CPU
		Release|Any CPU = Release|Any CPU
	EndGlobalSection
	GlobalSection(ProjectConfigurationPlatforms) = postSolution
		{F898E386-2AF1-42D7-BA1B-97B66F14ABB6}.Debug|Any CPU.ActiveCfg = Debug|Any CPU
		{F898E386-2AF1-42D7-BA1B-97B66F14ABB6}.Debug|Any CPU.Build.0 = Debug|Any CPU
		{F898E386-2AF1-42D7-BA1B-97B66F14ABB6}.Release|Any CPU.ActiveCfg = Release|Any CPU
		{F898E386-2AF1-42D7-BA1B-97B66F14ABB6}.Release|Any CPU.Build.0 = Release|Any CPU
	EndGlobalSection
	GlobalSection(SolutionProperties) = preSolution
		HideSolutionNode = FALSE
	EndGlobalSection
	GlobalSection(ExtensibilityGlobals) = postSolution
		SolutionGuid = {69B1D304-1E03-42AE-BC69-645707986655}
	EndGlobalSection
EndGlobal
